// !$*UTF8*$!
{
	archiveVersion = 1;
	classes = {
	};
	objectVersion = 56;
	objects = {

/* Begin PBXBuildFile section */
		75C5A2122B9C894B00B7A8E2 /* C_ops_infoApp.swift in Sources */ = {isa = PBXBuildFile; fileRef = 75C5A2112B9C894B00B7A8E2 /* C_ops_infoApp.swift */; };
		75C5A2142B9C894B00B7A8E2 /* ContentView.swift in Sources */ = {isa = PBXBuildFile; fileRef = 75C5A2132B9C894B00B7A8E2 /* ContentView.swift */; };
		75C5A2162B9C894D00B7A8E2 /* Assets.xcassets in Resources */ = {isa = PBXBuildFile; fileRef = 75C5A2152B9C894D00B7A8E2 /* Assets.xcassets */; };
		75C5A2192B9C894D00B7A8E2 /* Preview Assets.xcassets in Resources */ = {isa = PBXBuildFile; fileRef = 75C5A2182B9C894D00B7A8E2 /* Preview Assets.xcassets */; };
		75C5A21B2B9C894D00B7A8E2 /* Persistence.swift in Sources */ = {isa = PBXBuildFile; fileRef = 75C5A21A2B9C894D00B7A8E2 /* Persistence.swift */; };
		75C5A21E2B9C894D00B7A8E2 /* C_ops_info.xcdatamodeld in Sources */ = {isa = PBXBuildFile; fileRef = 75C5A21C2B9C894D00B7A8E2 /* C_ops_info.xcdatamodeld */; };
		75C5A2282B9C8AA600B7A8E2 /* Gameview.swift in Sources */ = {isa = PBXBuildFile; fileRef = 75C5A2272B9C8AA600B7A8E2 /* Gameview.swift */; };
		75C5A22B2B9C8AF600B7A8E2 /* TopView.swift in Sources */ = {isa = PBXBuildFile; fileRef = 75C5A22A2B9C8AF600B7A8E2 /* TopView.swift */; };
		75C5A22D2B9C8B1C00B7A8E2 /* ProfileView.swift in Sources */ = {isa = PBXBuildFile; fileRef = 75C5A22C2B9C8B1C00B7A8E2 /* ProfileView.swift */; };
/* End PBXBuildFile section */

/* Begin PBXFileReference section */
		75C5A20E2B9C894B00B7A8E2 /* C-ops info.app */ = {isa = PBXFileReference; explicitFileType = wrapper.application; includeInIndex = 0; path = "C-ops info.app"; sourceTree = BUILT_PRODUCTS_DIR; };
		75C5A2112B9C894B00B7A8E2 /* C_ops_infoApp.swift */ = {isa = PBXFileReference; lastKnownFileType = sourcecode.swift; path = C_ops_infoApp.swift; sourceTree = "<group>"; };
		75C5A2132B9C894B00B7A8E2 /* ContentView.swift */ = {isa = PBXFileReference; lastKnownFileType = sourcecode.swift; path = ContentView.swift; sourceTree = "<group>"; };
		75C5A2152B9C894D00B7A8E2 /* Assets.xcassets */ = {isa = PBXFileReference; lastKnownFileType = folder.assetcatalog; path = Assets.xcassets; sourceTree = "<group>"; };
		75C5A2182B9C894D00B7A8E2 /* Preview Assets.xcassets */ = {isa = PBXFileReference; lastKnownFileType = folder.assetcatalog; path = "Preview Assets.xcassets"; sourceTree = "<group>"; };
		75C5A21A2B9C894D00B7A8E2 /* Persistence.swift */ = {isa = PBXFileReference; lastKnownFileType = sourcecode.swift; path = Persistence.swift; sourceTree = "<group>"; };
		75C5A21D2B9C894D00B7A8E2 /* C_ops_info.xcdatamodel */ = {isa = PBXFileReference; lastKnownFileType = wrapper.xcdatamodel; path = C_ops_info.xcdatamodel; sourceTree = "<group>"; };
		75C5A2272B9C8AA600B7A8E2 /* Gameview.swift */ = {isa = PBXFileReference; lastKnownFileType = sourcecode.swift; path = Gameview.swift; sourceTree = "<group>"; };
		75C5A22A2B9C8AF600B7A8E2 /* TopView.swift */ = {isa = PBXFileReference; lastKnownFileType = sourcecode.swift; path = TopView.swift; sourceTree = "<group>"; };
		75C5A22C2B9C8B1C00B7A8E2 /* ProfileView.swift */ = {isa = PBXFileReference; lastKnownFileType = sourcecode.swift; path = ProfileView.swift; sourceTree = "<group>"; };
/* End PBXFileReference section */

/* Begin PBXFrameworksBuildPhase section */
		75C5A20B2B9C894B00B7A8E2 /* Frameworks */ = {
			isa = PBXFrameworksBuildPhase;
			buildActionMask = 2147483647;
			files = (
			);
			runOnlyForDeploymentPostprocessing = 0;
		};
/* End PBXFrameworksBuildPhase section */

/* Begin PBXGroup section */
		75C5A2052B9C894B00B7A8E2 = {
			isa = PBXGroup;
			children = (
				75C5A2102B9C894B00B7A8E2 /* C-ops info */,
				75C5A20F2B9C894B00B7A8E2 /* Products */,
			);
			sourceTree = "<group>";
		};
		75C5A20F2B9C894B00B7A8E2 /* Products */ = {
			isa = PBXGroup;
			children = (
				75C5A20E2B9C894B00B7A8E2 /* C-ops info.app */,
			);
			name = Products;
			sourceTree = "<group>";
		};
		75C5A2102B9C894B00B7A8E2 /* C-ops info */ = {
			isa = PBXGroup;
			children = (
				75C5A2252B9C8A7500B7A8E2 /* Views */,
				75C5A2112B9C894B00B7A8E2 /* C_ops_infoApp.swift */,
				75C5A2132B9C894B00B7A8E2 /* ContentView.swift */,
				75C5A2152B9C894D00B7A8E2 /* Assets.xcassets */,
				75C5A21A2B9C894D00B7A8E2 /* Persistence.swift */,
				75C5A21C2B9C894D00B7A8E2 /* C_ops_info.xcdatamodeld */,
				75C5A2172B9C894D00B7A8E2 /* Preview Content */,
			);
			path = "C-ops info";
			sourceTree = "<group>";
		};
		75C5A2172B9C894D00B7A8E2 /* Preview Content */ = {
			isa = PBXGroup;
			children = (
				75C5A2182B9C894D00B7A8E2 /* Preview Assets.xcassets */,
			);
			path = "Preview Content";
			sourceTree = "<group>";
		};
		75C5A2252B9C8A7500B7A8E2 /* Views */ = {
			isa = PBXGroup;
			children = (
				75C5A2272B9C8AA600B7A8E2 /* Gameview.swift */,
				75C5A22A2B9C8AF600B7A8E2 /* TopView.swift */,
				75C5A22C2B9C8B1C00B7A8E2 /* ProfileView.swift */,
			);
			path = Views;
			sourceTree = "<group>";
		};
/* End PBXGroup section */

/* Begin PBXNativeTarget section */
		75C5A20D2B9C894B00B7A8E2 /* C-ops info */ = {
			isa = PBXNativeTarget;
			buildConfigurationList = 75C5A2212B9C894D00B7A8E2 /* Build configuration list for PBXNativeTarget "C-ops info" */;
			buildPhases = (
				75C5A20A2B9C894B00B7A8E2 /* Sources */,
				75C5A20B2B9C894B00B7A8E2 /* Frameworks */,
				75C5A20C2B9C894B00B7A8E2 /* Resources */,
			);
			buildRules = (
			);
			dependencies = (
			);
			name = "C-ops info";
			productName = "C-ops info";
			productReference = 75C5A20E2B9C894B00B7A8E2 /* C-ops info.app */;
			productType = "com.apple.product-type.application";
		};
/* End PBXNativeTarget section */

/* Begin PBXProject section */
		75C5A2062B9C894B00B7A8E2 /* Project object */ = {
			isa = PBXProject;
			attributes = {
				BuildIndependentTargetsInParallel = 1;
				LastSwiftUpdateCheck = 1420;
				LastUpgradeCheck = 1420;
				TargetAttributes = {
					75C5A20D2B9C894B00B7A8E2 = {
						CreatedOnToolsVersion = 14.2;
					};
				};
			};
			buildConfigurationList = 75C5A2092B9C894B00B7A8E2 /* Build configuration list for PBXProject "C-ops info" */;
			compatibilityVersion = "Xcode 14.0";
			developmentRegion = en;
			hasScannedForEncodings = 0;
			knownRegions = (
				en,
				Base,
			);
			mainGroup = 75C5A2052B9C894B00B7A8E2;
			productRefGroup = 75C5A20F2B9C894B00B7A8E2 /* Products */;
			projectDirPath = "";
			projectRoot = "";
			targets = (
				75C5A20D2B9C894B00B7A8E2 /* C-ops info */,
			);
		};
/* End PBXProject section */

/* Begin PBXResourcesBuildPhase section */
		75C5A20C2B9C894B00B7A8E2 /* Resources */ = {
			isa = PBXResourcesBuildPhase;
			buildActionMask = 2147483647;
			files = (
				75C5A2192B9C894D00B7A8E2 /* Preview Assets.xcassets in Resources */,
				75C5A2162B9C894D00B7A8E2 /* Assets.xcassets in Resources */,
			);
			runOnlyForDeploymentPostprocessing = 0;
		};
/* End PBXResourcesBuildPhase section */

/* Begin PBXSourcesBuildPhase section */
		75C5A20A2B9C894B00B7A8E2 /* Sources */ = {
			isa = PBXSourcesBuildPhase;
			buildActionMask = 2147483647;
			files = (
				75C5A21B2B9C894D00B7A8E2 /* Persistence.swift in Sources */,
				75C5A2142B9C894B00B7A8E2 /* ContentView.swift in Sources */,
				75C5A2282B9C8AA600B7A8E2 /* Gameview.swift in Sources */,
				75C5A21E2B9C894D00B7A8E2 /* C_ops_info.xcdatamodeld in Sources */,
				75C5A22B2B9C8AF600B7A8E2 /* TopView.swift in Sources */,
				75C5A22D2B9C8B1C00B7A8E2 /* ProfileView.swift in Sources */,
				75C5A2122B9C894B00B7A8E2 /* C_ops_infoApp.swift in Sources */,
			);
			runOnlyForDeploymentPostprocessing = 0;
		};
/* End PBXSourcesBuildPhase section */

/* Begin XCBuildConfiguration section */
		75C5A21F2B9C894D00B7A8E2 /* Debug */ = {
			isa = XCBuildConfiguration;
			buildSettings = {
				ALWAYS_SEARCH_USER_PATHS = NO;
				CLANG_ANALYZER_NONNULL = YES;
				CLANG_ANALYZER_NUMBER_OBJECT_CONVERSION = YES_AGGRESSIVE;
				CLANG_CXX_LANGUAGE_STANDARD = "gnu++20";
				CLANG_ENABLE_MODULES = YES;
				CLANG_ENABLE_OBJC_ARC = YES;
				CLANG_ENABLE_OBJC_WEAK = YES;
				CLANG_WARN_BLOCK_CAPTURE_AUTORELEASING = YES;
				CLANG_WARN_BOOL_CONVERSION = YES;
				CLANG_WARN_COMMA = YES;
				CLANG_WARN_CONSTANT_CONVERSION = YES;
				CLANG_WARN_DEPRECATED_OBJC_IMPLEMENTATIONS = YES;
				CLANG_WARN_DIRECT_OBJC_ISA_USAGE = YES_ERROR;
				CLANG_WARN_DOCUMENTATION_COMMENTS = YES;
				CLANG_WARN_EMPTY_BODY = YES;
				CLANG_WARN_ENUM_CONVERSION = YES;
				CLANG_WARN_INFINITE_RECURSION = YES;
				CLANG_WARN_INT_CONVERSION = YES;
				CLANG_WARN_NON_LITERAL_NULL_CONVERSION = YES;
				CLANG_WARN_OBJC_IMPLICIT_RETAIN_SELF = YES;
				CLANG_WARN_OBJC_LITERAL_CONVERSION = YES;
				CLANG_WARN_OBJC_ROOT_CLASS = YES_ERROR;
				CLANG_WARN_QUOTED_INCLUDE_IN_FRAMEWORK_HEADER = YES;
				CLANG_WARN_RANGE_LOOP_ANALYSIS = YES;
				CLANG_WARN_STRICT_PROTOTYPES = YES;
				CLANG_WARN_SUSPICIOUS_MOVE = YES;
				CLANG_WARN_UNGUARDED_AVAILABILITY = YES_AGGRESSIVE;
				CLANG_WARN_UNREACHABLE_CODE = YES;
				CLANG_WARN__DUPLICATE_METHOD_MATCH = YES;
				COPY_PHASE_STRIP = NO;
				DEBUG_INFORMATION_FORMAT = dwarf;
				ENABLE_STRICT_OBJC_MSGSEND = YES;
				ENABLE_TESTABILITY = YES;
				GCC_C_LANGUAGE_STANDARD = gnu11;
				GCC_DYNAMIC_NO_PIC = NO;
				GCC_NO_COMMON_BLOCKS = YES;
				GCC_OPTIMIZATION_LEVEL = 0;
				GCC_PREPROCESSOR_DEFINITIONS = (
					"DEBUG=1",
					"$(inherited)",
				);
				GCC_WARN_64_TO_32_BIT_CONVERSION = YES;
				GCC_WARN_ABOUT_RETURN_TYPE = YES_ERROR;
				GCC_WARN_UNDECLARED_SELECTOR = YES;
				GCC_WARN_UNINITIALIZED_AUTOS = YES_AGGRESSIVE;
				GCC_WARN_UNUSED_FUNCTION = YES;
				GCC_WARN_UNUSED_VARIABLE = YES;
				IPHONEOS_DEPLOYMENT_TARGET = 16.2;
				MTL_ENABLE_DEBUG_INFO = INCLUDE_SOURCE;
				MTL_FAST_MATH = YES;
				ONLY_ACTIVE_ARCH = YES;
				SDKROOT = iphoneos;
				SWIFT_ACTIVE_COMPILATION_CONDITIONS = DEBUG;
				SWIFT_OPTIMIZATION_LEVEL = "-Onone";
			};
			name = Debug;
		};
		75C5A2202B9C894D00B7A8E2 /* Release */ = {
			isa = XCBuildConfiguration;
			buildSettings = {
				ALWAYS_SEARCH_USER_PATHS = NO;
				CLANG_ANALYZER_NONNULL = YES;
				CLANG_ANALYZER_NUMBER_OBJECT_CONVERSION = YES_AGGRESSIVE;
				CLANG_CXX_LANGUAGE_STANDARD = "gnu++20";
				CLANG_ENABLE_MODULES = YES;
				CLANG_ENABLE_OBJC_ARC = YES;
				CLANG_ENABLE_OBJC_WEAK = YES;
				CLANG_WARN_BLOCK_CAPTURE_AUTORELEASING = YES;
				CLANG_WARN_BOOL_CONVERSION = YES;
				CLANG_WARN_COMMA = YES;
				CLANG_WARN_CONSTANT_CONVERSION = YES;
				CLANG_WARN_DEPRECATED_OBJC_IMPLEMENTATIONS = YES;
				CLANG_WARN_DIRECT_OBJC_ISA_USAGE = YES_ERROR;
				CLANG_WARN_DOCUMENTATION_COMMENTS = YES;
				CLANG_WARN_EMPTY_BODY = YES;
				CLANG_WARN_ENUM_CONVERSION = YES;
				CLANG_WARN_INFINITE_RECURSION = YES;
				CLANG_WARN_INT_CONVERSION = YES;
				CLANG_WARN_NON_LITERAL_NULL_CONVERSION = YES;
				CLANG_WARN_OBJC_IMPLICIT_RETAIN_SELF = YES;
				CLANG_WARN_OBJC_LITERAL_CONVERSION = YES;
				CLANG_WARN_OBJC_ROOT_CLASS = YES_ERROR;
				CLANG_WARN_QUOTED_INCLUDE_IN_FRAMEWORK_HEADER = YES;
				CLANG_WARN_RANGE_LOOP_ANALYSIS = YES;
				CLANG_WARN_STRICT_PROTOTYPES = YES;
				CLANG_WARN_SUSPICIOUS_MOVE = YES;
				CLANG_WARN_UNGUARDED_AVAILABILITY = YES_AGGRESSIVE;
				CLANG_WARN_UNREACHABLE_CODE = YES;
				CLANG_WARN__DUPLICATE_METHOD_MATCH = YES;
				COPY_PHASE_STRIP = NO;
				DEBUG_INFORMATION_FORMAT = "dwarf-with-dsym";
				ENABLE_NS_ASSERTIONS = NO;
				ENABLE_STRICT_OBJC_MSGSEND = YES;
				GCC_C_LANGUAGE_STANDARD = gnu11;
				GCC_NO_COMMON_BLOCKS = YES;
				GCC_WARN_64_TO_32_BIT_CONVERSION = YES;
				GCC_WARN_ABOUT_RETURN_TYPE = YES_ERROR;
				GCC_WARN_UNDECLARED_SELECTOR = YES;
				GCC_WARN_UNINITIALIZED_AUTOS = YES_AGGRESSIVE;
				GCC_WARN_UNUSED_FUNCTION = YES;
				GCC_WARN_UNUSED_VARIABLE = YES;
				IPHONEOS_DEPLOYMENT_TARGET = 16.2;
				MTL_ENABLE_DEBUG_INFO = NO;
				MTL_FAST_MATH = YES;
				SDKROOT = iphoneos;
				SWIFT_COMPILATION_MODE = wholemodule;
				SWIFT_OPTIMIZATION_LEVEL = "-O";
				VALIDATE_PRODUCT = YES;
			};
			name = Release;
		};
		75C5A2222B9C894D00B7A8E2 /* Debug */ = {
			isa = XCBuildConfiguration;
			buildSettings = {
				ASSETCATALOG_COMPILER_APPICON_NAME = AppIcon;
				ASSETCATALOG_COMPILER_GLOBAL_ACCENT_COLOR_NAME = AccentColor;
				CODE_SIGN_STYLE = Automatic;
				CURRENT_PROJECT_VERSION = 1;
				DEVELOPMENT_ASSET_PATHS = "\"C-ops info/Preview Content\"";
				DEVELOPMENT_TEAM = 8FYFK4YAN2;
				ENABLE_PREVIEWS = YES;
				GENERATE_INFOPLIST_FILE = YES;
				INFOPLIST_KEY_LSApplicationCategoryType = "public.app-category.news";
				INFOPLIST_KEY_UIApplicationSceneManifest_Generation = YES;
				INFOPLIST_KEY_UIApplicationSupportsIndirectInputEvents = YES;
				INFOPLIST_KEY_UILaunchScreen_Generation = YES;
				INFOPLIST_KEY_UISupportedInterfaceOrientations = UIInterfaceOrientationPortrait;
				IPHONEOS_DEPLOYMENT_TARGET = 14.0;
				LD_RUNPATH_SEARCH_PATHS = (
					"$(inherited)",
					"@executable_path/Frameworks",
				);
				MARKETING_VERSION = 1.0;
				PRODUCT_BUNDLE_IDENTIFIER = "andr.C-ops-info";
				PRODUCT_NAME = "$(TARGET_NAME)";
				SWIFT_EMIT_LOC_STRINGS = YES;
				SWIFT_VERSION = 5.0;
				TARGETED_DEVICE_FAMILY = "1,2";
			};
			name = Debug;
		};
		75C5A2232B9C894D00B7A8E2 /* Release */ = {
			isa = XCBuildConfiguration;
			buildSettings = {
				ASSETCATALOG_COMPILER_APPICON_NAME = AppIcon;
				ASSETCATALOG_COMPILER_GLOBAL_ACCENT_COLOR_NAME = AccentColor;
				CODE_SIGN_STYLE = Automatic;
				CURRENT_PROJECT_VERSION = 1;
				DEVELOPMENT_ASSET_PATHS = "\"C-ops info/Preview Content\"";
				DEVELOPMENT_TEAM = 8FYFK4YAN2;
				ENABLE_PREVIEWS = YES;
				GENERATE_INFOPLIST_FILE = YES;
				INFOPLIST_KEY_LSApplicationCategoryType = "public.app-category.news";
				INFOPLIST_KEY_UIApplicationSceneManifest_Generation = YES;
				INFOPLIST_KEY_UIApplicationSupportsIndirectInputEvents = YES;
				INFOPLIST_KEY_UILaunchScreen_Generation = YES;
				INFOPLIST_KEY_UISupportedInterfaceOrientations = UIInterfaceOrientationPortrait;
				IPHONEOS_DEPLOYMENT_TARGET = 14.0;
				LD_RUNPATH_SEARCH_PATHS = (
					"$(inherited)",
					"@executable_path/Frameworks",
				);
				MARKETING_VERSION = 1.0;
				PRODUCT_BUNDLE_IDENTIFIER = "andr.C-ops-info";
				PRODUCT_NAME = "$(TARGET_NAME)";
				SWIFT_EMIT_LOC_STRINGS = YES;
				SWIFT_VERSION = 5.0;
				TARGETED_DEVICE_FAMILY = "1,2";
			};
			name = Release;
		};
/* End XCBuildConfiguration section */

/* Begin XCConfigurationList section */
		75C5A2092B9C894B00B7A8E2 /* Build configuration list for PBXProject "C-ops info" */ = {
			isa = XCConfigurationList;
			buildConfigurations = (
				75C5A21F2B9C894D00B7A8E2 /* Debug */,
				75C5A2202B9C894D00B7A8E2 /* Release */,
			);
			defaultConfigurationIsVisible = 0;
			defaultConfigurationName = Release;
		};
		75C5A2212B9C894D00B7A8E2 /* Build configuration list for PBXNativeTarget "C-ops info" */ = {
			isa = XCConfigurationList;
			buildConfigurations = (
				75C5A2222B9C894D00B7A8E2 /* Debug */,
				75C5A2232B9C894D00B7A8E2 /* Release */,
			);
			defaultConfigurationIsVisible = 0;
			defaultConfigurationName = Release;
		};
/* End XCConfigurationList section */

/* Begin XCVersionGroup section */
		75C5A21C2B9C894D00B7A8E2 /* C_ops_info.xcdatamodeld */ = {
			isa = XCVersionGroup;
			children = (
				75C5A21D2B9C894D00B7A8E2 /* C_ops_info.xcdatamodel */,
			);
			currentVersion = 75C5A21D2B9C894D00B7A8E2 /* C_ops_info.xcdatamodel */;
			path = C_ops_info.xcdatamodeld;
			sourceTree = "<group>";
			versionGroupType = wrapper.xcdatamodel;
		};
/* End XCVersionGroup section */
	};
	rootObject = 75C5A2062B9C894B00B7A8E2 /* Project object */;
}
